<?xml version="1.0" encoding="utf-8"?>
<Project ToolsVersion="4.0" xmlns="http://schemas.microsoft.com/developer/msbuild/2003">
  <ItemGroup>
    <Filter Include="Resource Files">
      <UniqueIdentifier>{67DA6AB6-F800-4c08-8B7A-83BB121AAD01}</UniqueIdentifier>
      <Extensions>rc;ico;cur;bmp;dlg;rc2;rct;bin;rgs;gif;jpg;jpeg;jpe;resx;tiff;tif;png;wav;mfcribbon-ms</Extensions>
    </Filter>
    <Filter Include="MichelangeloAPI">
      <UniqueIdentifier>{ee63b01e-161e-42a1-a295-5cae5681e6f1}</UniqueIdentifier>
    </Filter>
  </ItemGroup>
  <ItemGroup>
    <ClCompile Include="MichelangeloAPI\main.cpp">
      <Filter>MichelangeloAPI</Filter>
    </ClCompile>
    <ClCompile Include="MichelangeloAPI\WebAPI.cpp">
      <Filter>MichelangeloAPI</Filter>
    </ClCompile>
  </ItemGroup>
  <ItemGroup>
    <None Include="packages.config" />
  </ItemGroup>
  <ItemGroup>
    <ClInclude Include="MichelangeloAPI\WebAPI.h">
      <Filter>MichelangeloAPI</Filter>
    </ClInclude>
    <ClInclude Include="MichelangeloAPI\HeaderConstants.h">
      <Filter>MichelangeloAPI</Filter>
    </ClInclude>
  </ItemGroup>
</Project>